
Microsoft Visual Studio Solution File, Format Version 12.00
# Visual Studio Version 17
VisualStudioVersion = 17.5.33530.505
MinimumVisualStudioVersion = 10.0.40219.1
Project("{8BC9CEB8-8B4A-11D0-8D11-00A0C91BC942}") = "Midterm2023", "Midterm2023.vcxproj", "{1B080CC7-C993-4870-B699-26BBABBC32B3}"
EndProject
Global
	GlobalSection(SolutionConfigurationPlatforms) = preSolution
		Debug|x64 = Debug|x64
		Debug|x86 = Debug|x86
		Release|x64 = Release|x64
		Release|x86 = Release|x86
	EndGlobalSection
	GlobalSection(ProjectConfigurationPlatforms) = postSolution
		{1B080CC7-C993-4870-B699-26BBABBC32B3}.Debug|x64.ActiveCfg = Debug|x64
		{1B080CC7-C993-4870-B699-26BBABBC32B3}.Debug|x64.Build.0 = Debug|x64
		{1B080CC7-C993-4870-B699-26BBABBC32B3}.Debug|x86.ActiveCfg = Debug|Win32
		{1B080CC7-C993-4870-B699-26BBABBC32B3}.Debug|x86.Build.0 = Debug|Win32
		{1B080CC7-C993-4870-B699-26BBABBC32B3}.Release|x64.ActiveCfg = Release|x64
		{1B080CC7-C993-4870-B699-26BBABBC32B3}.Release|x64.Build.0 = Release|x64
		{1B080CC7-C993-4870-B699-26BBABBC32B3}.Release|x86.ActiveCfg = Release|Win32
		{1B080CC7-C993-4870-B699-26BBABBC32B3}.Release|x86.Build.0 = Release|Win32
	EndGlobalSection
	GlobalSection(SolutionProperties) = preSolution
		HideSolutionNode = FALSE
	EndGlobalSection
	GlobalSection(ExtensibilityGlobals) = postSolution
		SolutionGuid = {241F6B1B-7554-4AE0-A360-9B5B35EE674C}
	EndGlobalSection
EndGlobal
